// !$*UTF8*$!
{
	archiveVersion = 1;
	classes = {
	};
	objectVersion = 56;
	objects = {

/* Begin PBXBuildFile section */
		CEDDD1102B68A14B0041C318 /* AppDelegate.swift in Sources */ = {isa = PBXBuildFile; fileRef = CEDDD10F2B68A14B0041C318 /* AppDelegate.swift */; };
		CEDDD1122B68A14B0041C318 /* SceneDelegate.swift in Sources */ = {isa = PBXBuildFile; fileRef = CEDDD1112B68A14B0041C318 /* SceneDelegate.swift */; };
		CEDDD1142B68A14B0041C318 /* ViewController.swift in Sources */ = {isa = PBXBuildFile; fileRef = CEDDD1132B68A14B0041C318 /* ViewController.swift */; };
		CEDDD1192B68A14C0041C318 /* Assets.xcassets in Resources */ = {isa = PBXBuildFile; fileRef = CEDDD1182B68A14C0041C318 /* Assets.xcassets */; };
		CEDDD11C2B68A14C0041C318 /* LaunchScreen.storyboard in Resources */ = {isa = PBXBuildFile; fileRef = CEDDD11A2B68A14C0041C318 /* LaunchScreen.storyboard */; };
		CEDDD1252B68A1CB0041C318 /* SnapKit in Frameworks */ = {isa = PBXBuildFile; productRef = CEDDD1242B68A1CB0041C318 /* SnapKit */; };
		CEDDD12F2B68AE6E0041C318 /* CustomCVCell.swift in Sources */ = {isa = PBXBuildFile; fileRef = CEDDD12E2B68AE6E0041C318 /* CustomCVCell.swift */; };
/* End PBXBuildFile section */

/* Begin PBXFileReference section */
		CEDDD10C2B68A14B0041C318 /* lesson№6(4-month)repeat.app */ = {isa = PBXFileReference; explicitFileType = wrapper.application; includeInIndex = 0; path = "lesson№6(4-month)repeat.app"; sourceTree = BUILT_PRODUCTS_DIR; };
		CEDDD10F2B68A14B0041C318 /* AppDelegate.swift */ = {isa = PBXFileReference; lastKnownFileType = sourcecode.swift; path = AppDelegate.swift; sourceTree = "<group>"; };
		CEDDD1112B68A14B0041C318 /* SceneDelegate.swift */ = {isa = PBXFileReference; lastKnownFileType = sourcecode.swift; path = SceneDelegate.swift; sourceTree = "<group>"; };
		CEDDD1132B68A14B0041C318 /* ViewController.swift */ = {isa = PBXFileReference; lastKnownFileType = sourcecode.swift; path = ViewController.swift; sourceTree = "<group>"; };
		CEDDD1182B68A14C0041C318 /* Assets.xcassets */ = {isa = PBXFileReference; lastKnownFileType = folder.assetcatalog; path = Assets.xcassets; sourceTree = "<group>"; };
		CEDDD11B2B68A14C0041C318 /* Base */ = {isa = PBXFileReference; lastKnownFileType = file.storyboard; name = Base; path = Base.lproj/LaunchScreen.storyboard; sourceTree = "<group>"; };
		CEDDD11D2B68A14C0041C318 /* Info.plist */ = {isa = PBXFileReference; lastKnownFileType = text.plist.xml; path = Info.plist; sourceTree = "<group>"; };
		CEDDD12E2B68AE6E0041C318 /* CustomCVCell.swift */ = {isa = PBXFileReference; lastKnownFileType = sourcecode.swift; path = CustomCVCell.swift; sourceTree = "<group>"; };
/* End PBXFileReference section */

/* Begin PBXFrameworksBuildPhase section */
		CEDDD1092B68A14B0041C318 /* Frameworks */ = {
			isa = PBXFrameworksBuildPhase;
			buildActionMask = 2147483647;
			files = (
				CEDDD1252B68A1CB0041C318 /* SnapKit in Frameworks */,
			);
			runOnlyForDeploymentPostprocessing = 0;
		};
/* End PBXFrameworksBuildPhase section */

/* Begin PBXGroup section */
		CEDDD1032B68A14B0041C318 = {
			isa = PBXGroup;
			children = (
				CEDDD10E2B68A14B0041C318 /* lesson№6(4-month)repeat */,
				CEDDD10D2B68A14B0041C318 /* Products */,
			);
			sourceTree = "<group>";
		};
		CEDDD10D2B68A14B0041C318 /* Products */ = {
			isa = PBXGroup;
			children = (
				CEDDD10C2B68A14B0041C318 /* lesson№6(4-month)repeat.app */,
			);
			name = Products;
			sourceTree = "<group>";
		};
		CEDDD10E2B68A14B0041C318 /* lesson№6(4-month)repeat */ = {
			isa = PBXGroup;
			children = (
				CEDDD1282B68A2240041C318 /* Common */,
				CEDDD1272B68A1ED0041C318 /* Delegate */,
				CEDDD1262B68A1D70041C318 /* Resource */,
				CEDDD11D2B68A14C0041C318 /* Info.plist */,
				CEDDD12E2B68AE6E0041C318 /* CustomCVCell.swift */,
			);
			path = "lesson№6(4-month)repeat";
			sourceTree = "<group>";
		};
		CEDDD1262B68A1D70041C318 /* Resource */ = {
			isa = PBXGroup;
			children = (
				CEDDD1182B68A14C0041C318 /* Assets.xcassets */,
				CEDDD11A2B68A14C0041C318 /* LaunchScreen.storyboard */,
			);
			path = Resource;
			sourceTree = "<group>";
		};
		CEDDD1272B68A1ED0041C318 /* Delegate */ = {
			isa = PBXGroup;
			children = (
				CEDDD10F2B68A14B0041C318 /* AppDelegate.swift */,
				CEDDD1112B68A14B0041C318 /* SceneDelegate.swift */,
			);
			path = Delegate;
			sourceTree = "<group>";
		};
		CEDDD1282B68A2240041C318 /* Common */ = {
			isa = PBXGroup;
			children = (
				CEDDD1132B68A14B0041C318 /* ViewController.swift */,
			);
			path = Common;
			sourceTree = "<group>";
		};
/* End PBXGroup section */

/* Begin PBXNativeTarget section */
		CEDDD10B2B68A14B0041C318 /* lesson№6(4-month)repeat */ = {
			isa = PBXNativeTarget;
			buildConfigurationList = CEDDD1202B68A14C0041C318 /* Build configuration list for PBXNativeTarget "lesson№6(4-month)repeat" */;
			buildPhases = (
				CEDDD1082B68A14B0041C318 /* Sources */,
				CEDDD1092B68A14B0041C318 /* Frameworks */,
				CEDDD10A2B68A14B0041C318 /* Resources */,
			);
			buildRules = (
			);
			dependencies = (
			);
			name = "lesson№6(4-month)repeat";
			packageProductDependencies = (
				CEDDD1242B68A1CB0041C318 /* SnapKit */,
			);
			productName = "lesson№6(4-month)repeat";
			productReference = CEDDD10C2B68A14B0041C318 /* lesson№6(4-month)repeat.app */;
			productType = "com.apple.product-type.application";
		};
/* End PBXNativeTarget section */

/* Begin PBXProject section */
		CEDDD1042B68A14B0041C318 /* Project object */ = {
			isa = PBXProject;
			attributes = {
				BuildIndependentTargetsInParallel = 1;
				LastSwiftUpdateCheck = 1430;
				LastUpgradeCheck = 1430;
				TargetAttributes = {
					CEDDD10B2B68A14B0041C318 = {
						CreatedOnToolsVersion = 14.3.1;
					};
				};
			};
			buildConfigurationList = CEDDD1072B68A14B0041C318 /* Build configuration list for PBXProject "lesson№6(4-month)repeat" */;
			compatibilityVersion = "Xcode 14.0";
			developmentRegion = en;
			hasScannedForEncodings = 0;
			knownRegions = (
				en,
				Base,
			);
			mainGroup = CEDDD1032B68A14B0041C318;
			packageReferences = (
				CEDDD1232B68A1CB0041C318 /* XCRemoteSwiftPackageReference "SnapKit" */,
			);
			productRefGroup = CEDDD10D2B68A14B0041C318 /* Products */;
			projectDirPath = "";
			projectRoot = "";
			targets = (
				CEDDD10B2B68A14B0041C318 /* lesson№6(4-month)repeat */,
			);
		};
/* End PBXProject section */

/* Begin PBXResourcesBuildPhase section */
		CEDDD10A2B68A14B0041C318 /* Resources */ = {
			isa = PBXResourcesBuildPhase;
			buildActionMask = 2147483647;
			files = (
				CEDDD11C2B68A14C0041C318 /* LaunchScreen.storyboard in Resources */,
				CEDDD1192B68A14C0041C318 /* Assets.xcassets in Resources */,
			);
			runOnlyForDeploymentPostprocessing = 0;
		};
/* End PBXResourcesBuildPhase section */

/* Begin PBXSourcesBuildPhase section */
		CEDDD1082B68A14B0041C318 /* Sources */ = {
			isa = PBXSourcesBuildPhase;
			buildActionMask = 2147483647;
			files = (
				CEDDD12F2B68AE6E0041C318 /* CustomCVCell.swift in Sources */,
				CEDDD1142B68A14B0041C318 /* ViewController.swift in Sources */,
				CEDDD1102B68A14B0041C318 /* AppDelegate.swift in Sources */,
				CEDDD1122B68A14B0041C318 /* SceneDelegate.swift in Sources */,
			);
			runOnlyForDeploymentPostprocessing = 0;
		};
/* End PBXSourcesBuildPhase section */

/* Begin PBXVariantGroup section */
		CEDDD11A2B68A14C0041C318 /* LaunchScreen.storyboard */ = {
			isa = PBXVariantGroup;
			children = (
				CEDDD11B2B68A14C0041C318 /* Base */,
			);
			name = LaunchScreen.storyboard;
			sourceTree = "<group>";
		};
/* End PBXVariantGroup section */

/* Begin XCBuildConfiguration section */
		CEDDD11E2B68A14C0041C318 /* Debug */ = {
			isa = XCBuildConfiguration;
			buildSettings = {
				ALWAYS_SEARCH_USER_PATHS = NO;
				CLANG_ANALYZER_NONNULL = YES;
				CLANG_ANALYZER_NUMBER_OBJECT_CONVERSION = YES_AGGRESSIVE;
				CLANG_CXX_LANGUAGE_STANDARD = "gnu++20";
				CLANG_ENABLE_MODULES = YES;
				CLANG_ENABLE_OBJC_ARC = YES;
				CLANG_ENABLE_OBJC_WEAK = YES;
				CLANG_WARN_BLOCK_CAPTURE_AUTORELEASING = YES;
				CLANG_WARN_BOOL_CONVERSION = YES;
				CLANG_WARN_COMMA = YES;
				CLANG_WARN_CONSTANT_CONVERSION = YES;
				CLANG_WARN_DEPRECATED_OBJC_IMPLEMENTATIONS = YES;
				CLANG_WARN_DIRECT_OBJC_ISA_USAGE = YES_ERROR;
				CLANG_WARN_DOCUMENTATION_COMMENTS = YES;
				CLANG_WARN_EMPTY_BODY = YES;
				CLANG_WARN_ENUM_CONVERSION = YES;
				CLANG_WARN_INFINITE_RECURSION = YES;
				CLANG_WARN_INT_CONVERSION = YES;
				CLANG_WARN_NON_LITERAL_NULL_CONVERSION = YES;
				CLANG_WARN_OBJC_IMPLICIT_RETAIN_SELF = YES;
				CLANG_WARN_OBJC_LITERAL_CONVERSION = YES;
				CLANG_WARN_OBJC_ROOT_CLASS = YES_ERROR;
				CLANG_WARN_QUOTED_INCLUDE_IN_FRAMEWORK_HEADER = YES;
				CLANG_WARN_RANGE_LOOP_ANALYSIS = YES;
				CLANG_WARN_STRICT_PROTOTYPES = YES;
				CLANG_WARN_SUSPICIOUS_MOVE = YES;
				CLANG_WARN_UNGUARDED_AVAILABILITY = YES_AGGRESSIVE;
				CLANG_WARN_UNREACHABLE_CODE = YES;
				CLANG_WARN__DUPLICATE_METHOD_MATCH = YES;
				COPY_PHASE_STRIP = NO;
				DEBUG_INFORMATION_FORMAT = dwarf;
				ENABLE_STRICT_OBJC_MSGSEND = YES;
				ENABLE_TESTABILITY = YES;
				GCC_C_LANGUAGE_STANDARD = gnu11;
				GCC_DYNAMIC_NO_PIC = NO;
				GCC_NO_COMMON_BLOCKS = YES;
				GCC_OPTIMIZATION_LEVEL = 0;
				GCC_PREPROCESSOR_DEFINITIONS = (
					"DEBUG=1",
					"$(inherited)",
				);
				GCC_WARN_64_TO_32_BIT_CONVERSION = YES;
				GCC_WARN_ABOUT_RETURN_TYPE = YES_ERROR;
				GCC_WARN_UNDECLARED_SELECTOR = YES;
				GCC_WARN_UNINITIALIZED_AUTOS = YES_AGGRESSIVE;
				GCC_WARN_UNUSED_FUNCTION = YES;
				GCC_WARN_UNUSED_VARIABLE = YES;
				IPHONEOS_DEPLOYMENT_TARGET = 16.4;
				MTL_ENABLE_DEBUG_INFO = INCLUDE_SOURCE;
				MTL_FAST_MATH = YES;
				ONLY_ACTIVE_ARCH = YES;
				SDKROOT = iphoneos;
				SWIFT_ACTIVE_COMPILATION_CONDITIONS = DEBUG;
				SWIFT_OPTIMIZATION_LEVEL = "-Onone";
			};
			name = Debug;
		};
		CEDDD11F2B68A14C0041C318 /* Release */ = {
			isa = XCBuildConfiguration;
			buildSettings = {
				ALWAYS_SEARCH_USER_PATHS = NO;
				CLANG_ANALYZER_NONNULL = YES;
				CLANG_ANALYZER_NUMBER_OBJECT_CONVERSION = YES_AGGRESSIVE;
				CLANG_CXX_LANGUAGE_STANDARD = "gnu++20";
				CLANG_ENABLE_MODULES = YES;
				CLANG_ENABLE_OBJC_ARC = YES;
				CLANG_ENABLE_OBJC_WEAK = YES;
				CLANG_WARN_BLOCK_CAPTURE_AUTORELEASING = YES;
				CLANG_WARN_BOOL_CONVERSION = YES;
				CLANG_WARN_COMMA = YES;
				CLANG_WARN_CONSTANT_CONVERSION = YES;
				CLANG_WARN_DEPRECATED_OBJC_IMPLEMENTATIONS = YES;
				CLANG_WARN_DIRECT_OBJC_ISA_USAGE = YES_ERROR;
				CLANG_WARN_DOCUMENTATION_COMMENTS = YES;
				CLANG_WARN_EMPTY_BODY = YES;
				CLANG_WARN_ENUM_CONVERSION = YES;
				CLANG_WARN_INFINITE_RECURSION = YES;
				CLANG_WARN_INT_CONVERSION = YES;
				CLANG_WARN_NON_LITERAL_NULL_CONVERSION = YES;
				CLANG_WARN_OBJC_IMPLICIT_RETAIN_SELF = YES;
				CLANG_WARN_OBJC_LITERAL_CONVERSION = YES;
				CLANG_WARN_OBJC_ROOT_CLASS = YES_ERROR;
				CLANG_WARN_QUOTED_INCLUDE_IN_FRAMEWORK_HEADER = YES;
				CLANG_WARN_RANGE_LOOP_ANALYSIS = YES;
				CLANG_WARN_STRICT_PROTOTYPES = YES;
				CLANG_WARN_SUSPICIOUS_MOVE = YES;
				CLANG_WARN_UNGUARDED_AVAILABILITY = YES_AGGRESSIVE;
				CLANG_WARN_UNREACHABLE_CODE = YES;
				CLANG_WARN__DUPLICATE_METHOD_MATCH = YES;
				COPY_PHASE_STRIP = NO;
				DEBUG_INFORMATION_FORMAT = "dwarf-with-dsym";
				ENABLE_NS_ASSERTIONS = NO;
				ENABLE_STRICT_OBJC_MSGSEND = YES;
				GCC_C_LANGUAGE_STANDARD = gnu11;
				GCC_NO_COMMON_BLOCKS = YES;
				GCC_WARN_64_TO_32_BIT_CONVERSION = YES;
				GCC_WARN_ABOUT_RETURN_TYPE = YES_ERROR;
				GCC_WARN_UNDECLARED_SELECTOR = YES;
				GCC_WARN_UNINITIALIZED_AUTOS = YES_AGGRESSIVE;
				GCC_WARN_UNUSED_FUNCTION = YES;
				GCC_WARN_UNUSED_VARIABLE = YES;
				IPHONEOS_DEPLOYMENT_TARGET = 16.4;
				MTL_ENABLE_DEBUG_INFO = NO;
				MTL_FAST_MATH = YES;
				SDKROOT = iphoneos;
				SWIFT_COMPILATION_MODE = wholemodule;
				SWIFT_OPTIMIZATION_LEVEL = "-O";
				VALIDATE_PRODUCT = YES;
			};
			name = Release;
		};
		CEDDD1212B68A14C0041C318 /* Debug */ = {
			isa = XCBuildConfiguration;
			buildSettings = {
				ASSETCATALOG_COMPILER_APPICON_NAME = AppIcon;
				ASSETCATALOG_COMPILER_GLOBAL_ACCENT_COLOR_NAME = AccentColor;
				CODE_SIGN_STYLE = Automatic;
				CURRENT_PROJECT_VERSION = 1;
				GENERATE_INFOPLIST_FILE = YES;
				INFOPLIST_FILE = "lesson№6(4-month)repeat/Info.plist";
				INFOPLIST_KEY_UIApplicationSupportsIndirectInputEvents = YES;
				INFOPLIST_KEY_UILaunchStoryboardName = LaunchScreen;
				INFOPLIST_KEY_UISupportedInterfaceOrientations_iPad = "UIInterfaceOrientationPortrait UIInterfaceOrientationPortraitUpsideDown UIInterfaceOrientationLandscapeLeft UIInterfaceOrientationLandscapeRight";
				INFOPLIST_KEY_UISupportedInterfaceOrientations_iPhone = "UIInterfaceOrientationPortrait UIInterfaceOrientationLandscapeLeft UIInterfaceOrientationLandscapeRight";
				LD_RUNPATH_SEARCH_PATHS = (
					"$(inherited)",
					"@executable_path/Frameworks",
				);
				MARKETING_VERSION = 1.0;
				PRODUCT_BUNDLE_IDENTIFIER = "adi.lesson-6-4-month-repeat";
				PRODUCT_NAME = "$(TARGET_NAME)";
				SWIFT_EMIT_LOC_STRINGS = YES;
				SWIFT_VERSION = 5.0;
				TARGETED_DEVICE_FAMILY = "1,2";
			};
			name = Debug;
		};
		CEDDD1222B68A14C0041C318 /* Release */ = {
			isa = XCBuildConfiguration;
			buildSettings = {
				ASSETCATALOG_COMPILER_APPICON_NAME = AppIcon;
				ASSETCATALOG_COMPILER_GLOBAL_ACCENT_COLOR_NAME = AccentColor;
				CODE_SIGN_STYLE = Automatic;
				CURRENT_PROJECT_VERSION = 1;
				GENERATE_INFOPLIST_FILE = YES;
				INFOPLIST_FILE = "lesson№6(4-month)repeat/Info.plist";
				INFOPLIST_KEY_UIApplicationSupportsIndirectInputEvents = YES;
				INFOPLIST_KEY_UILaunchStoryboardName = LaunchScreen;
				INFOPLIST_KEY_UISupportedInterfaceOrientations_iPad = "UIInterfaceOrientationPortrait UIInterfaceOrientationPortraitUpsideDown UIInterfaceOrientationLandscapeLeft UIInterfaceOrientationLandscapeRight";
				INFOPLIST_KEY_UISupportedInterfaceOrientations_iPhone = "UIInterfaceOrientationPortrait UIInterfaceOrientationLandscapeLeft UIInterfaceOrientationLandscapeRight";
				LD_RUNPATH_SEARCH_PATHS = (
					"$(inherited)",
					"@executable_path/Frameworks",
				);
				MARKETING_VERSION = 1.0;
				PRODUCT_BUNDLE_IDENTIFIER = "adi.lesson-6-4-month-repeat";
				PRODUCT_NAME = "$(TARGET_NAME)";
				SWIFT_EMIT_LOC_STRINGS = YES;
				SWIFT_VERSION = 5.0;
				TARGETED_DEVICE_FAMILY = "1,2";
			};
			name = Release;
		};
/* End XCBuildConfiguration section */

/* Begin XCConfigurationList section */
		CEDDD1072B68A14B0041C318 /* Build configuration list for PBXProject "lesson№6(4-month)repeat" */ = {
			isa = XCConfigurationList;
			buildConfigurations = (
				CEDDD11E2B68A14C0041C318 /* Debug */,
				CEDDD11F2B68A14C0041C318 /* Release */,
			);
			defaultConfigurationIsVisible = 0;
			defaultConfigurationName = Release;
		};
		CEDDD1202B68A14C0041C318 /* Build configuration list for PBXNativeTarget "lesson№6(4-month)repeat" */ = {
			isa = XCConfigurationList;
			buildConfigurations = (
				CEDDD1212B68A14C0041C318 /* Debug */,
				CEDDD1222B68A14C0041C318 /* Release */,
			);
			defaultConfigurationIsVisible = 0;
			defaultConfigurationName = Release;
		};
/* End XCConfigurationList section */

/* Begin XCRemoteSwiftPackageReference section */
		CEDDD1232B68A1CB0041C318 /* XCRemoteSwiftPackageReference "SnapKit" */ = {
			isa = XCRemoteSwiftPackageReference;
			repositoryURL = "https://github.com/SnapKit/SnapKit.git";
			requirement = {
				kind = upToNextMajorVersion;
				minimumVersion = 5.0.0;
			};
		};
/* End XCRemoteSwiftPackageReference section */

/* Begin XCSwiftPackageProductDependency section */
		CEDDD1242B68A1CB0041C318 /* SnapKit */ = {
			isa = XCSwiftPackageProductDependency;
			package = CEDDD1232B68A1CB0041C318 /* XCRemoteSwiftPackageReference "SnapKit" */;
			productName = SnapKit;
		};
/* End XCSwiftPackageProductDependency section */
	};
	rootObject = CEDDD1042B68A14B0041C318 /* Project object */;
}
